PODS:
  - Alamofire (5.4.3)
  - SwiftyJSON (5.0.1)

DEPENDENCIES:
  - Alamofire
  - SwiftyJSON

SPEC REPOS:
  https://github.com/CocoaPods/Specs.git:
    - Alamofire
    - SwiftyJSON

SPEC CHECKSUMS:
  Alamofire: e447a2774a40c996748296fa2c55112fdbbc42f9
  SwiftyJSON: 2f33a42c6fbc52764d96f13368585094bfd8aa5e

PODFILE CHECKSUM: 9b4f15a691b460ef9923af083432f429741947f2

COCOAPODS: 1.10.1
